
Microsoft Visual Studio Solution File, Format Version 12.00
Project("{FAE04EC0-301F-11D3-BF4B-00C04F79EFBC}") = "AFBW_CN", "AFBW_CN.csproj", "{0F033FB6-81CA-4CD0-BA4C-7FEC979A3401}"
EndProject
Global
	GlobalSection(SolutionConfigurationPlatforms) = preSolution
		Debug|Any CPU = Debug|Any CPU
		Release|Any CPU = Release|Any CPU
	EndGlobalSection
	GlobalSection(ProjectConfigurationPlatforms) = postSolution
		{0F033FB6-81CA-4CD0-BA4C-7FEC979A3401}.Debug|Any CPU.ActiveCfg = Debug|Any CPU
		{0F033FB6-81CA-4CD0-BA4C-7FEC979A3401}.Debug|Any CPU.Build.0 = Debug|Any CPU
		{0F033FB6-81CA-4CD0-BA4C-7FEC979A3401}.Release|Any CPU.ActiveCfg = Release|Any CPU
		{0F033FB6-81CA-4CD0-BA4C-7FEC979A3401}.Release|Any CPU.Build.0 = Release|Any CPU
	EndGlobalSection
EndGlobal
